{
  "name": "jupiter_sdk",
  "version": "1.0.0",
  "lockfileVersion": 3,
  "requires": true,
  "packages": {
    "": {
      "name": "jupiter_sdk",
      "version": "1.0.0",
      "license": "ISC",
      "dependencies": {
        "@jup-ag/api": "^6.0.48"
      }
    },
    "node_modules/@jup-ag/api": {
      "version": "6.0.48",
      "resolved": "https://registry.npmjs.org/@jup-ag/api/-/api-6.0.48.tgz",
      "integrity": "sha512-H66m/cIqdVIA0qLI2X76UOhuMXkS/+uI6e4KQuU3fn6FSBhCX/9fwt/4IdwES4KWXwGtvqhsg2ExkB9tRtNhyA==",
      "license": "MIT"
    }
  }
}
